{
  "lockfileVersion": 1,
  "configVersion": 1,
  "workspaces": {
    "": {
      "name": "bitplan-dev",
      "devDependencies": {
        "@biomejs/biome": "2.3.8",
        "@types/bun": "^1.3.10",
        "typescript": "^5.9.3",
      },
    },
    "packages/cli": {
      "name": "bitplan",
      "version": "0.0.1",
      "bin": {
        "bitplan": "./dist/index.js",
      },
      "dependencies": {
        "@1sat/actions": "0.0.200",
        "@bsv/sdk": "^2.1.9",
        "commander": "^14.0.0",
        "parse5": "^7.3.0",
      },
      "devDependencies": {
        "@types/node": "^22.10.0",
        "typescript": "^5.9.3",
      },
    },
  },
  "packages": {
    "@1sat/actions": ["@1sat/actions@0.0.200", "", { "dependencies": { "@1sat/client": "0.0.50", "@1sat/templates": "0.0.32", "@1sat/types": "0.0.40", "@1sat/utils": "0.0.33", "@1sat/wallet": "0.0.104", "@bsv/message-box-client": "^2.2.1" }, "peerDependencies": { "@bsv/sdk": "^2.1.9" } }, "sha512-Ifch9r20R68r9OCBO7rmy5ZSE6n0idTx5UMxc4SQl9oxKC+RWIBQ+xs4boDlCkv0xPQ02U1+9/NcsMytYWfwCA=="],

    "@1sat/client": ["@1sat/client@0.0.50", "", { "dependencies": { "@1sat/types": "0.0.40", "@bsv/wallet-toolbox-client": "npm:@bopen-io/wallet-toolbox-client@2.6.2-brc153.5" }, "peerDependencies": { "@bsv/sdk": "^2.1.9" } }, "sha512-tRMWJGr1RiWsDF2YlVRvHaRcvNjEGBgSSOkELP3QwMRo3EMBHhfpbhp2xF7ZaKbfE2bVFt15ahYF2DRtkQmZUA=="],

    "@1sat/templates": ["@1sat/templates@0.0.32", "", { "dependencies": { "@1sat/types": "0.0.40", "cbor2": "^2.3.0" }, "peerDependencies": { "@bsv/sdk": "^2.1.9" } }, "sha512-Mcn5HZZU7fz5F9Yjx22CclAu/9Z8guOvMi2IR1SnvZzEyAzjCijyJxciHf/RUMJthlhBA0gb7WJ5y+JoRK5CNg=="],

    "@1sat/types": ["@1sat/types@0.0.40", "", { "peerDependencies": { "@bsv/sdk": "^2.1.9" } }, "sha512-y6Kywk2+4cufeqoqY/3Mnqk4PYee38A5hjCygU/aOL0vBRb7frNBDiYw4jEqKuXOuZEbr4CPp0tEAvbsgXmVXg=="],

    "@1sat/utils": ["@1sat/utils@0.0.33", "", { "dependencies": { "@1sat/types": "0.0.40", "image-meta": "^0.2.2" }, "peerDependencies": { "@bsv/sdk": "^2.1.9" } }, "sha512-9ap0ejLS3RDkEbHN1qiX1C8ESPnwkQh7OblJlZiEcQ8yEezuQoKDSmUYn5J+ygcCNxjGGc23oo312zMDl+1oeA=="],

    "@1sat/wallet": ["@1sat/wallet@0.0.104", "", { "dependencies": { "@1sat/client": "0.0.50", "@1sat/templates": "0.0.31", "@1sat/types": "0.0.40", "@bopen-io/templates": "^1.2.3", "@msgpack/msgpack": "^3.1.3", "fflate": "^0.8.2" }, "peerDependencies": { "@bsv/sdk": "^2.1.9", "@bsv/wallet-toolbox-client": "npm:@bopen-io/wallet-toolbox-client@2.6.2-brc153.5" } }, "sha512-UVNj/Zx3+CjinJqbTXbPAieEiQMD95PJL9SDojFEU6Liju9kWkzVmfMdeDQVfB3crxDZDr81XDKlGvQFUGT1eg=="],

    "@biomejs/biome": ["@biomejs/biome@2.3.8", "", { "optionalDependencies": { "@biomejs/cli-darwin-arm64": "2.3.8", "@biomejs/cli-darwin-x64": "2.3.8", "@biomejs/cli-linux-arm64": "2.3.8", "@biomejs/cli-linux-arm64-musl": "2.3.8", "@biomejs/cli-linux-x64": "2.3.8", "@biomejs/cli-linux-x64-musl": "2.3.8", "@biomejs/cli-win32-arm64": "2.3.8", "@biomejs/cli-win32-x64": "2.3.8" }, "bin": { "biome": "bin/biome" } }, "sha512-Qjsgoe6FEBxWAUzwFGFrB+1+M8y/y5kwmg5CHac+GSVOdmOIqsAiXM5QMVGZJ1eCUCLlPZtq4aFAQ0eawEUuUA=="],

    "@biomejs/cli-darwin-arm64": ["@biomejs/cli-darwin-arm64@2.3.8", "", { "os": "darwin", "cpu": "arm64" }, "sha512-HM4Zg9CGQ3txTPflxD19n8MFPrmUAjaC7PQdLkugeeC0cQ+PiVrd7i09gaBS/11QKsTDBJhVg85CEIK9f50Qww=="],

    "@biomejs/cli-darwin-x64": ["@biomejs/cli-darwin-x64@2.3.8", "", { "os": "darwin", "cpu": "x64" }, "sha512-lUDQ03D7y/qEao7RgdjWVGCu+BLYadhKTm40HkpJIi6kn8LSv5PAwRlew/DmwP4YZ9ke9XXoTIQDO1vAnbRZlA=="],

    "@biomejs/cli-linux-arm64": ["@biomejs/cli-linux-arm64@2.3.8", "", { "os": "linux", "cpu": "arm64" }, "sha512-Uo1OJnIkJgSgF+USx970fsM/drtPcQ39I+JO+Fjsaa9ZdCN1oysQmy6oAGbyESlouz+rzEckLTF6DS7cWse95g=="],

    "@biomejs/cli-linux-arm64-musl": ["@biomejs/cli-linux-arm64-musl@2.3.8", "", { "os": "linux", "cpu": "arm64" }, "sha512-PShR4mM0sjksUMyxbyPNMxoKFPVF48fU8Qe8Sfx6w6F42verbwRLbz+QiKNiDPRJwUoMG1nPM50OBL3aOnTevA=="],

    "@biomejs/cli-linux-x64": ["@biomejs/cli-linux-x64@2.3.8", "", { "os": "linux", "cpu": "x64" }, "sha512-QDPMD5bQz6qOVb3kiBui0zKZXASLo0NIQ9JVJio5RveBEFgDgsvJFUvZIbMbUZT3T00M/1wdzwWXk4GIh0KaAw=="],

    "@biomejs/cli-linux-x64-musl": ["@biomejs/cli-linux-x64-musl@2.3.8", "", { "os": "linux", "cpu": "x64" }, "sha512-YGLkqU91r1276uwSjiUD/xaVikdxgV1QpsicT0bIA1TaieM6E5ibMZeSyjQ/izBn4tKQthUSsVZacmoJfa3pDA=="],

    "@biomejs/cli-win32-arm64": ["@biomejs/cli-win32-arm64@2.3.8", "", { "os": "win32", "cpu": "arm64" }, "sha512-H4IoCHvL1fXKDrTALeTKMiE7GGWFAraDwBYFquE/L/5r1927Te0mYIGseXi4F+lrrwhSWbSGt5qPFswNoBaCxg=="],

    "@biomejs/cli-win32-x64": ["@biomejs/cli-win32-x64@2.3.8", "", { "os": "win32", "cpu": "x64" }, "sha512-RguzimPoZWtBapfKhKjcWXBVI91tiSprqdBYu7tWhgN8pKRZhw24rFeNZTNf6UiBfjCYCi9eFQs/JzJZIhuK4w=="],

    "@bopen-io/templates": ["@bopen-io/templates@1.2.3", "", { "dependencies": { "@bsv/sdk": "^2.0.4" }, "peerDependencies": { "sigma-protocol": "^0.1.9" }, "optionalPeers": ["sigma-protocol"] }, "sha512-O8gDbqiqRIhk/2kmj3wnmcWC452uEb6Htu/pCQ3HQ9W/0DrIYarP8ulD4amCuqcdkDsxMbY53YvMx+OqfVuutA=="],

    "@bsv/authsocket-client": ["@bsv/authsocket-client@2.1.6", "", { "dependencies": { "socket.io-client": "^4.8.3" }, "peerDependencies": { "@bsv/sdk": "^2.4.1" } }, "sha512-UwT9aoQnDL9yDtW3taB6pqem6LnSm855CSfWX3m4cp4Ohjr8JEIcS7lYEk8PCDkIOZecJm1VrB+D/XYW2b+XEA=="],

    "@bsv/message-box-client": ["@bsv/message-box-client@2.4.2", "", { "dependencies": { "@bsv/authsocket-client": "^2.1.6" }, "peerDependencies": { "@bsv/sdk": "^2.4.1" } }, "sha512-DD9Yq4+oKTUzHe1Uu57Na/HO6T9hAaHrdM6crdOpa+VIRhYx7oGlrzQZuVC4eNsygB8D6zckSnTxG0xRSlIqOQ=="],

    "@bsv/sdk": ["@bsv/sdk@2.4.2", "", {}, "sha512-UW1eC6YU+GdHBIQEBemuJo24K5S6rJBd6umNfkOpHR0ke5bgi58ymMrpX6Dm1cd4FYXsTDrbzyiKaH//LmJ7kw=="],

    "@bsv/wallet-toolbox-client": ["@bopen-io/wallet-toolbox-client@2.6.2-brc153.5", "", { "dependencies": { "hash-wasm": "^4.12.0", "idb": "^8.0.3" }, "peerDependencies": { "@bsv/sdk": "^2.1.8" } }, "sha512-+EB9ohtVi08KOizQA796lsNBRzBym4G7hvxIWZtaPfKCqaNFcXkoOU7l5tXFRqXrY1JTqIEuPcjwBh/+88CMMw=="],

    "@cto.af/wtf8": ["@cto.af/wtf8@0.0.5", "", {}, "sha512-LfUFi+Vv4eDzj+XAtR89e3wwjXA/NZjUSwU5NhwbBrLecxPaBYFy3exCuc1j+D4UZeOVdqlsl8G7LmOt18V0tg=="],

    "@msgpack/msgpack": ["@msgpack/msgpack@3.1.3", "", {}, "sha512-47XIizs9XZXvuJgoaJUIE2lFoID8ugvc0jzSHP+Ptfk8nTbnR8g788wv48N03Kx0UkAv559HWRQ3yzOgzlRNUA=="],

    "@socket.io/component-emitter": ["@socket.io/component-emitter@3.1.2", "", {}, "sha512-9BCxFwvbGg/RsZK9tjXd8s4UcwR0MWeFQ1XEKIQVVvAGJyINdrqKMcTRyLoK8Rse1GjzLV9cwjWV1olXRWEXVA=="],

    "@types/bun": ["@types/bun@1.4.0", "", { "dependencies": { "bun-types": "1.4.0" } }, "sha512-K+lZULY23vRgK/CfTjFIV+tyifaNdSMlPh9j+6mQ/cLfpOznLyAuzgV/JQysyECpkBQLVMSyvjlr2fBUSA9wFQ=="],

    "@types/node": ["@types/node@22.20.1", "", { "dependencies": { "undici-types": "~6.21.0" } }, "sha512-EANqOCF9QFyra+4pfxUcX9STKJpCLjMbObVzljIJomAWSnuSIEAvyzEU53GaajbXJEgdh0iEcPL+DGvpUd4k1Q=="],

    "bitplan": ["bitplan@workspace:packages/cli"],

    "bun-types": ["bun-types@1.4.0", "", { "dependencies": { "@types/node": "*" } }, "sha512-iIKw23BspnQQYd3prITOBxeUsxBHnwzX6YJfGMuNOZzeNcMmVqzIIVGRm1l69ogaPQmb4wB6BN8mA5bE9YuC5Q=="],

    "cbor2": ["cbor2@2.3.0", "", { "dependencies": { "@cto.af/wtf8": "0.0.5" } }, "sha512-76WB3hq8BoaGkMkBVJ27fW5LJU+qqDLEpgRNCG/SYKhODWXpVPOTD4UcUto3IEzYLA52nsvbhb0wabhHDn3qXg=="],

    "commander": ["commander@14.0.3", "", {}, "sha512-H+y0Jo/T1RZ9qPP4Eh1pkcQcLRglraJaSLoyOtHxu6AapkjWVCy2Sit1QQ4x3Dng8qDlSsZEet7g5Pq06MvTgw=="],

    "debug": ["debug@4.4.3", "", { "dependencies": { "ms": "^2.1.3" }, "peerDependencies": { "supports-color": "*" }, "optionalPeers": ["supports-color"] }, "sha512-RGwwWnwQvkVfavKVt22FGLw+xYSdzARwm0ru6DhTVA3umU5hZc28V3kO4stgYryrTlLpuvgI9GiijltAjNbcqA=="],

    "engine.io-client": ["engine.io-client@6.6.6", "", { "dependencies": { "@socket.io/component-emitter": "~3.1.0", "debug": "~4.4.1", "engine.io-parser": "~5.2.1", "ws": "~8.21.0", "xmlhttprequest-ssl": "~2.1.1" } }, "sha512-iY6QdftLQ9pyiPoX082bpf/u1UewnOaJrtJIF9T0++QB34lZrj0uP+Q/bj8AlUsAxqhnkTV2BS8SBZSxOmoV5Q=="],

    "engine.io-parser": ["engine.io-parser@5.2.3", "", {}, "sha512-HqD3yTBfnBxIrbnM1DoD6Pcq8NECnh8d4As1Qgh0z5Gg3jRRIqijury0CL3ghu/edArpUYiYqQiDUQBIs4np3Q=="],

    "entities": ["entities@6.0.1", "", {}, "sha512-aN97NXWF6AWBTahfVOIrB/NShkzi5H7F9r1s9mD3cDj4Ko5f2qhhVoYMibXF7GlLveb/D2ioWay8lxI97Ven3g=="],

    "fflate": ["fflate@0.8.3", "", {}, "sha512-tbZNuJrLwGUp3zshBtdy4W+ORxZuIh8a5ilyIEQDC5rY1f3U20JMry0Ll3WBzU58EZKsEuJFXhb5gwv8CsPvgA=="],

    "hash-wasm": ["hash-wasm@4.12.0", "", {}, "sha512-+/2B2rYLb48I/evdOIhP+K/DD2ca2fgBjp6O+GBEnCDk2e4rpeXIK8GvIyRPjTezgmWn9gmKwkQjjx6BtqDHVQ=="],

    "idb": ["idb@8.0.3", "", {}, "sha512-LtwtVyVYO5BqRvcsKuB2iUMnHwPVByPCXFXOpuU96IZPPoPN6xjOGxZQ74pgSVVLQWtUOYgyeL4GE98BY5D3wg=="],

    "image-meta": ["image-meta@0.2.2", "", {}, "sha512-3MOLanc3sb3LNGWQl1RlQlNWURE5g32aUphrDyFeCsxBTk08iE3VNe4CwsUZ0Qs1X+EfX0+r29Sxdpza4B+yRA=="],

    "ms": ["ms@2.1.3", "", {}, "sha512-6FlzubTLZG3J2a/NVCAleEhjzq5oxgHyaCU9yYXvcLsvoVaHJq/s5xXI6/XXP6tz7R9xAOtHnSO/tXtF3WRTlA=="],

    "parse5": ["parse5@7.3.0", "", { "dependencies": { "entities": "^6.0.0" } }, "sha512-IInvU7fabl34qmi9gY8XOVxhYyMyuH2xUNpb2q8/Y+7552KlejkRvqvD19nMoUW/uQGGbqNpA6Tufu5FL5BZgw=="],

    "socket.io-client": ["socket.io-client@4.8.3", "", { "dependencies": { "@socket.io/component-emitter": "~3.1.0", "debug": "~4.4.1", "engine.io-client": "~6.6.1", "socket.io-parser": "~4.2.4" } }, "sha512-uP0bpjWrjQmUt5DTHq9RuoCBdFJF10cdX9X+a368j/Ft0wmaVgxlrjvK3kjvgCODOMMOz9lcaRzxmso0bTWZ/g=="],

    "socket.io-parser": ["socket.io-parser@4.2.7", "", { "dependencies": { "@socket.io/component-emitter": "~3.1.0", "debug": "~4.4.1" } }, "sha512-IH/iSeO9T6gz1KkFleGDWkG9N3dl4jXVYUtMhIqH10Md0ttMer8nUNWiP1DKuNrybD2xBrixLJdCC9J6ECoYkg=="],

    "typescript": ["typescript@5.9.3", "", { "bin": { "tsc": "bin/tsc", "tsserver": "bin/tsserver" } }, "sha512-jl1vZzPDinLr9eUt3J/t7V6FgNEw9QjvBPdysz9KfQDD41fQrC2Y4vKQdiaUpFT4bXlb1RHhLpp8wtm6M5TgSw=="],

    "undici-types": ["undici-types@6.21.0", "", {}, "sha512-iwDZqg0QAGrg9Rav5H4n0M64c3mkR59cJ6wQp+7C4nI0gsmExaedaYLNO44eT4AtBBwjbTiGPMlt2Md0T9H9JQ=="],

    "ws": ["ws@8.21.3", "", { "peerDependencies": { "bufferutil": "^4.0.1", "utf-8-validate": ">=5.0.2" }, "optionalPeers": ["bufferutil", "utf-8-validate"] }, "sha512-201TZ/kPWxoPr/OKWjquZR1SWKXcvxdH+e1xrx89b3YbmzLMFCLfnaG1HFIgWzJOEWZ7MvpK++odZufgYR50Rw=="],

    "xmlhttprequest-ssl": ["xmlhttprequest-ssl@2.1.2", "", {}, "sha512-TEU+nJVUUnA4CYJFLvK5X9AOeH4KvDvhIfm0vV1GaQRtchnG0hgK5p8hw/xjv8cunWYCsiPCSDzObPyhEwq3KQ=="],

    "@1sat/wallet/@1sat/templates": ["@1sat/templates@0.0.31", "", { "dependencies": { "@1sat/types": "0.0.40", "cbor2": "^2.3.0" }, "peerDependencies": { "@bsv/sdk": "^2.1.9" } }, "sha512-LPyl+taV9eB8xx5iwA3HW1sppevWWjNee7+N5eokwE7lBg/9Xe6Dc8/DohncJmpun1sgC9BUBiUvGkfBagOxog=="],
  }
}
